// !$*UTF8*$!
{
	archiveVersion = 1;
	classes = {
	};
	objectVersion = 46;
	objects = {

/* Begin PBXBuildFile section */
		913D47551B20B63200EED98A /* main.m in Sources */ = {isa = PBXBuildFile; fileRef = 913D47541B20B63200EED98A /* main.m */; };
		913D47581B20B63200EED98A /* AppDelegate.m in Sources */ = {isa = PBXBuildFile; fileRef = 913D47571B20B63200EED98A /* AppDelegate.m */; };
		913D475E1B20B63200EED98A /* Main.storyboard in Resources */ = {isa = PBXBuildFile; fileRef = 913D475C1B20B63200EED98A /* Main.storyboard */; };
		913D47601B20B63200EED98A /* Images.xcassets in Resources */ = {isa = PBXBuildFile; fileRef = 913D475F1B20B63200EED98A /* Images.xcassets */; };
		913D47631B20B63200EED98A /* LaunchScreen.xib in Resources */ = {isa = PBXBuildFile; fileRef = 913D47611B20B63200EED98A /* LaunchScreen.xib */; };
		913D476F1B20B63200EED98A /* MeetupListTests.m in Sources */ = {isa = PBXBuildFile; fileRef = 913D476E1B20B63200EED98A /* MeetupListTests.m */; };
		913D477A1B20B66000EED98A /* MapViewController2.m in Sources */ = {isa = PBXBuildFile; fileRef = 913D47791B20B66000EED98A /* MapViewController2.m */; };
		913D47801B20B77900EED98A /* Meetup.m in Sources */ = {isa = PBXBuildFile; fileRef = 913D477F1B20B77900EED98A /* Meetup.m */; };
		913D47841B20B79B00EED98A /* MKMapView+Center.m in Sources */ = {isa = PBXBuildFile; fileRef = 913D47831B20B79B00EED98A /* MKMapView+Center.m */; };
		913D47881B20B8F200EED98A /* MeetupProvider.m in Sources */ = {isa = PBXBuildFile; fileRef = 913D47871B20B8F200EED98A /* MeetupProvider.m */; };
		913F2FF41B214BC500C90173 /* DataRequester.m in Sources */ = {isa = PBXBuildFile; fileRef = 913F2FF31B214BC500C90173 /* DataRequester.m */; };
		913F2FF91B214EB300C90173 /* MeetupInteractor.m in Sources */ = {isa = PBXBuildFile; fileRef = 913F2FF81B214EB300C90173 /* MeetupInteractor.m */; };
		913F2FFD1B21540E00C90173 /* NSURL+Parameters.m in Sources */ = {isa = PBXBuildFile; fileRef = 913F2FFC1B21540E00C90173 /* NSURL+Parameters.m */; };
		91496E0D1B22238F0054BC2B /* MapKit.framework in Frameworks */ = {isa = PBXBuildFile; fileRef = 91496E0C1B22238F0054BC2B /* MapKit.framework */; };
		916FF0091B2365B300B3BB6F /* CoreLocation.framework in Frameworks */ = {isa = PBXBuildFile; fileRef = 916FF0081B2365B300B3BB6F /* CoreLocation.framework */; };
		916FF00C1B236D5000B3BB6F /* MapViewController.m in Sources */ = {isa = PBXBuildFile; fileRef = 916FF00B1B236D5000B3BB6F /* MapViewController.m */; };
		91F50D801B2169CE00A568A5 /* Venue.m in Sources */ = {isa = PBXBuildFile; fileRef = 91F50D7F1B2169CE00A568A5 /* Venue.m */; };
		91F50D841B218DE900A568A5 /* MeetupTableViewController.m in Sources */ = {isa = PBXBuildFile; fileRef = 91F50D831B218DE900A568A5 /* MeetupTableViewController.m */; };
/* End PBXBuildFile section */

/* Begin PBXContainerItemProxy section */
		913D47691B20B63200EED98A /* PBXContainerItemProxy */ = {
			isa = PBXContainerItemProxy;
			containerPortal = 913D47471B20B63200EED98A /* Project object */;
			proxyType = 1;
			remoteGlobalIDString = 913D474E1B20B63200EED98A;
			remoteInfo = MeetupList;
		};
/* End PBXContainerItemProxy section */

/* Begin PBXFileReference section */
		913D474F1B20B63200EED98A /* MeetupList.app */ = {isa = PBXFileReference; explicitFileType = wrapper.application; includeInIndex = 0; path = MeetupList.app; sourceTree = BUILT_PRODUCTS_DIR; };
		913D47531B20B63200EED98A /* Info.plist */ = {isa = PBXFileReference; lastKnownFileType = text.plist.xml; path = Info.plist; sourceTree = "<group>"; };
		913D47541B20B63200EED98A /* main.m */ = {isa = PBXFileReference; lastKnownFileType = sourcecode.c.objc; path = main.m; sourceTree = "<group>"; };
		913D47561B20B63200EED98A /* AppDelegate.h */ = {isa = PBXFileReference; lastKnownFileType = sourcecode.c.h; path = AppDelegate.h; sourceTree = "<group>"; };
		913D47571B20B63200EED98A /* AppDelegate.m */ = {isa = PBXFileReference; lastKnownFileType = sourcecode.c.objc; path = AppDelegate.m; sourceTree = "<group>"; };
		913D475D1B20B63200EED98A /* Base */ = {isa = PBXFileReference; lastKnownFileType = file.storyboard; name = Base; path = Base.lproj/Main.storyboard; sourceTree = "<group>"; };
		913D475F1B20B63200EED98A /* Images.xcassets */ = {isa = PBXFileReference; lastKnownFileType = folder.assetcatalog; path = Images.xcassets; sourceTree = "<group>"; };
		913D47621B20B63200EED98A /* Base */ = {isa = PBXFileReference; lastKnownFileType = file.xib; name = Base; path = Base.lproj/LaunchScreen.xib; sourceTree = "<group>"; };
		913D47681B20B63200EED98A /* MeetupListTests.xctest */ = {isa = PBXFileReference; explicitFileType = wrapper.cfbundle; includeInIndex = 0; path = MeetupListTests.xctest; sourceTree = BUILT_PRODUCTS_DIR; };
		913D476D1B20B63200EED98A /* Info.plist */ = {isa = PBXFileReference; lastKnownFileType = text.plist.xml; path = Info.plist; sourceTree = "<group>"; };
		913D476E1B20B63200EED98A /* MeetupListTests.m */ = {isa = PBXFileReference; lastKnownFileType = sourcecode.c.objc; path = MeetupListTests.m; sourceTree = "<group>"; };
		913D47781B20B66000EED98A /* MapViewController2.h */ = {isa = PBXFileReference; fileEncoding = 4; lastKnownFileType = sourcecode.c.h; path = MapViewController2.h; sourceTree = "<group>"; };
		913D47791B20B66000EED98A /* MapViewController2.m */ = {isa = PBXFileReference; fileEncoding = 4; lastKnownFileType = sourcecode.c.objc; path = MapViewController2.m; sourceTree = "<group>"; };
		913D477E1B20B77900EED98A /* Meetup.h */ = {isa = PBXFileReference; fileEncoding = 4; lastKnownFileType = sourcecode.c.h; path = Meetup.h; sourceTree = "<group>"; };
		913D477F1B20B77900EED98A /* Meetup.m */ = {isa = PBXFileReference; fileEncoding = 4; lastKnownFileType = sourcecode.c.objc; path = Meetup.m; sourceTree = "<group>"; };
		913D47821B20B79B00EED98A /* MKMapView+Center.h */ = {isa = PBXFileReference; fileEncoding = 4; lastKnownFileType = sourcecode.c.h; path = "MKMapView+Center.h"; sourceTree = "<group>"; };
		913D47831B20B79B00EED98A /* MKMapView+Center.m */ = {isa = PBXFileReference; fileEncoding = 4; lastKnownFileType = sourcecode.c.objc; path = "MKMapView+Center.m"; sourceTree = "<group>"; };
		913D47861B20B8F200EED98A /* MeetupProvider.h */ = {isa = PBXFileReference; fileEncoding = 4; lastKnownFileType = sourcecode.c.h; path = MeetupProvider.h; sourceTree = "<group>"; };
		913D47871B20B8F200EED98A /* MeetupProvider.m */ = {isa = PBXFileReference; fileEncoding = 4; lastKnownFileType = sourcecode.c.objc; path = MeetupProvider.m; sourceTree = "<group>"; };
		913F2FF21B214BC500C90173 /* DataRequester.h */ = {isa = PBXFileReference; fileEncoding = 4; lastKnownFileType = sourcecode.c.h; path = DataRequester.h; sourceTree = "<group>"; };
		913F2FF31B214BC500C90173 /* DataRequester.m */ = {isa = PBXFileReference; fileEncoding = 4; lastKnownFileType = sourcecode.c.objc; path = DataRequester.m; sourceTree = "<group>"; };
		913F2FF71B214EB300C90173 /* MeetupInteractor.h */ = {isa = PBXFileReference; fileEncoding = 4; lastKnownFileType = sourcecode.c.h; path = MeetupInteractor.h; sourceTree = "<group>"; };
		913F2FF81B214EB300C90173 /* MeetupInteractor.m */ = {isa = PBXFileReference; fileEncoding = 4; lastKnownFileType = sourcecode.c.objc; path = MeetupInteractor.m; sourceTree = "<group>"; };
		913F2FFB1B21540E00C90173 /* NSURL+Parameters.h */ = {isa = PBXFileReference; fileEncoding = 4; lastKnownFileType = sourcecode.c.h; path = "NSURL+Parameters.h"; sourceTree = "<group>"; };
		913F2FFC1B21540E00C90173 /* NSURL+Parameters.m */ = {isa = PBXFileReference; fileEncoding = 4; lastKnownFileType = sourcecode.c.objc; path = "NSURL+Parameters.m"; sourceTree = "<group>"; };
		91496E0C1B22238F0054BC2B /* MapKit.framework */ = {isa = PBXFileReference; lastKnownFileType = wrapper.framework; name = MapKit.framework; path = System/Library/Frameworks/MapKit.framework; sourceTree = SDKROOT; };
		916FF0081B2365B300B3BB6F /* CoreLocation.framework */ = {isa = PBXFileReference; lastKnownFileType = wrapper.framework; name = CoreLocation.framework; path = System/Library/Frameworks/CoreLocation.framework; sourceTree = SDKROOT; };
		916FF00A1B236D5000B3BB6F /* MapViewController.h */ = {isa = PBXFileReference; fileEncoding = 4; lastKnownFileType = sourcecode.c.h; path = MapViewController.h; sourceTree = "<group>"; };
		916FF00B1B236D5000B3BB6F /* MapViewController.m */ = {isa = PBXFileReference; fileEncoding = 4; lastKnownFileType = sourcecode.c.objc; path = MapViewController.m; sourceTree = "<group>"; };
		91F50D7E1B2169CE00A568A5 /* Venue.h */ = {isa = PBXFileReference; fileEncoding = 4; lastKnownFileType = sourcecode.c.h; path = Venue.h; sourceTree = "<group>"; };
		91F50D7F1B2169CE00A568A5 /* Venue.m */ = {isa = PBXFileReference; fileEncoding = 4; lastKnownFileType = sourcecode.c.objc; path = Venue.m; sourceTree = "<group>"; };
		91F50D821B218DE900A568A5 /* MeetupTableViewController.h */ = {isa = PBXFileReference; fileEncoding = 4; lastKnownFileType = sourcecode.c.h; path = MeetupTableViewController.h; sourceTree = "<group>"; };
		91F50D831B218DE900A568A5 /* MeetupTableViewController.m */ = {isa = PBXFileReference; fileEncoding = 4; lastKnownFileType = sourcecode.c.objc; path = MeetupTableViewController.m; sourceTree = "<group>"; };
/* End PBXFileReference section */

/* Begin PBXFrameworksBuildPhase section */
		913D474C1B20B63200EED98A /* Frameworks */ = {
			isa = PBXFrameworksBuildPhase;
			buildActionMask = 2147483647;
			files = (
				916FF0091B2365B300B3BB6F /* CoreLocation.framework in Frameworks */,
				91496E0D1B22238F0054BC2B /* MapKit.framework in Frameworks */,
			);
			runOnlyForDeploymentPostprocessing = 0;
		};
		913D47651B20B63200EED98A /* Frameworks */ = {
			isa = PBXFrameworksBuildPhase;
			buildActionMask = 2147483647;
			files = (
			);
			runOnlyForDeploymentPostprocessing = 0;
		};
/* End PBXFrameworksBuildPhase section */

/* Begin PBXGroup section */
		913D47461B20B63200EED98A = {
			isa = PBXGroup;
			children = (
				916FF0081B2365B300B3BB6F /* CoreLocation.framework */,
				91496E0C1B22238F0054BC2B /* MapKit.framework */,
				913D47511B20B63200EED98A /* MeetupList */,
				913D476B1B20B63200EED98A /* MeetupListTests */,
				913D47501B20B63200EED98A /* Products */,
			);
			sourceTree = "<group>";
		};
		913D47501B20B63200EED98A /* Products */ = {
			isa = PBXGroup;
			children = (
				913D474F1B20B63200EED98A /* MeetupList.app */,
				913D47681B20B63200EED98A /* MeetupListTests.xctest */,
			);
			name = Products;
			sourceTree = "<group>";
		};
		913D47511B20B63200EED98A /* MeetupList */ = {
			isa = PBXGroup;
			children = (
				913F2FEF1B21494000C90173 /* Core Files */,
				913D477C1B20B76900EED98A /* Models */,
				913F2FF01B21498B00C90173 /* Views */,
				913D477B1B20B75F00EED98A /* View Controllers */,
				913D47851B20B8DF00EED98A /* Provider */,
				913D475F1B20B63200EED98A /* Images.xcassets */,
				913D47611B20B63200EED98A /* LaunchScreen.xib */,
				913D47521B20B63200EED98A /* Supporting Files */,
			);
			path = MeetupList;
			sourceTree = "<group>";
		};
		913D47521B20B63200EED98A /* Supporting Files */ = {
			isa = PBXGroup;
			children = (
				913D47531B20B63200EED98A /* Info.plist */,
				913D47541B20B63200EED98A /* main.m */,
			);
			name = "Supporting Files";
			sourceTree = "<group>";
		};
		913D476B1B20B63200EED98A /* MeetupListTests */ = {
			isa = PBXGroup;
			children = (
				913D476E1B20B63200EED98A /* MeetupListTests.m */,
				913D476C1B20B63200EED98A /* Supporting Files */,
			);
			path = MeetupListTests;
			sourceTree = "<group>";
		};
		913D476C1B20B63200EED98A /* Supporting Files */ = {
			isa = PBXGroup;
			children = (
				913D476D1B20B63200EED98A /* Info.plist */,
			);
			name = "Supporting Files";
			sourceTree = "<group>";
		};
		913D477B1B20B75F00EED98A /* View Controllers */ = {
			isa = PBXGroup;
			children = (
				913F2FED1B21491C00C90173 /* Map View */,
				913F2FEE1B21492300C90173 /* Meetup Table */,
			);
			name = "View Controllers";
			sourceTree = "<group>";
		};
		913D477C1B20B76900EED98A /* Models */ = {
			isa = PBXGroup;
			children = (
				91F50D7C1B2169A500A568A5 /* Meetup */,
				91F50D811B2169E400A568A5 /* Venue */,
			);
			name = Models;
			sourceTree = "<group>";
		};
		913D47811B20B78400EED98A /* Extensions */ = {
			isa = PBXGroup;
			children = (
				913D47821B20B79B00EED98A /* MKMapView+Center.h */,
				913D47831B20B79B00EED98A /* MKMapView+Center.m */,
			);
			name = Extensions;
			sourceTree = "<group>";
		};
		913D47851B20B8DF00EED98A /* Provider */ = {
			isa = PBXGroup;
			children = (
				913F2FF61B214EA000C90173 /* Meetup Interactor */,
				913F2FF11B214B6D00C90173 /* Meetup Provider */,
				913F2FF51B214C2800C90173 /* Data Requester */,
				913F2FFA1B2153F400C90173 /* Extensions */,
			);
			name = Provider;
			sourceTree = "<group>";
		};
		913F2FED1B21491C00C90173 /* Map View */ = {
			isa = PBXGroup;
			children = (
				916FF00A1B236D5000B3BB6F /* MapViewController.h */,
				916FF00B1B236D5000B3BB6F /* MapViewController.m */,
				913D47781B20B66000EED98A /* MapViewController2.h */,
				913D47791B20B66000EED98A /* MapViewController2.m */,
			);
			name = "Map View";
			sourceTree = "<group>";
		};
		913F2FEE1B21492300C90173 /* Meetup Table */ = {
			isa = PBXGroup;
			children = (
				91F50D821B218DE900A568A5 /* MeetupTableViewController.h */,
				91F50D831B218DE900A568A5 /* MeetupTableViewController.m */,
			);
			name = "Meetup Table";
			sourceTree = "<group>";
		};
		913F2FEF1B21494000C90173 /* Core Files */ = {
			isa = PBXGroup;
			children = (
				913D47561B20B63200EED98A /* AppDelegate.h */,
				913D47571B20B63200EED98A /* AppDelegate.m */,
				913D475C1B20B63200EED98A /* Main.storyboard */,
			);
			name = "Core Files";
			sourceTree = "<group>";
		};
		913F2FF01B21498B00C90173 /* Views */ = {
			isa = PBXGroup;
			children = (
				913D47811B20B78400EED98A /* Extensions */,
			);
			name = Views;
			sourceTree = "<group>";
		};
		913F2FF11B214B6D00C90173 /* Meetup Provider */ = {
			isa = PBXGroup;
			children = (
				913D47861B20B8F200EED98A /* MeetupProvider.h */,
				913D47871B20B8F200EED98A /* MeetupProvider.m */,
			);
			name = "Meetup Provider";
			sourceTree = "<group>";
		};
		913F2FF51B214C2800C90173 /* Data Requester */ = {
			isa = PBXGroup;
			children = (
				913F2FF21B214BC500C90173 /* DataRequester.h */,
				913F2FF31B214BC500C90173 /* DataRequester.m */,
			);
			name = "Data Requester";
			sourceTree = "<group>";
		};
		913F2FF61B214EA000C90173 /* Meetup Interactor */ = {
			isa = PBXGroup;
			children = (
				913F2FF71B214EB300C90173 /* MeetupInteractor.h */,
				913F2FF81B214EB300C90173 /* MeetupInteractor.m */,
			);
			name = "Meetup Interactor";
			sourceTree = "<group>";
		};
		913F2FFA1B2153F400C90173 /* Extensions */ = {
			isa = PBXGroup;
			children = (
				913F2FFB1B21540E00C90173 /* NSURL+Parameters.h */,
				913F2FFC1B21540E00C90173 /* NSURL+Parameters.m */,
			);
			name = Extensions;
			sourceTree = "<group>";
		};
		91F50D7C1B2169A500A568A5 /* Meetup */ = {
			isa = PBXGroup;
			children = (
				913D477E1B20B77900EED98A /* Meetup.h */,
				913D477F1B20B77900EED98A /* Meetup.m */,
			);
			name = Meetup;
			sourceTree = "<group>";
		};
		91F50D811B2169E400A568A5 /* Venue */ = {
			isa = PBXGroup;
			children = (
				91F50D7E1B2169CE00A568A5 /* Venue.h */,
				91F50D7F1B2169CE00A568A5 /* Venue.m */,
			);
			name = Venue;
			sourceTree = "<group>";
		};
/* End PBXGroup section */

/* Begin PBXNativeTarget section */
		913D474E1B20B63200EED98A /* MeetupList */ = {
			isa = PBXNativeTarget;
			buildConfigurationList = 913D47721B20B63200EED98A /* Build configuration list for PBXNativeTarget "MeetupList" */;
			buildPhases = (
				913D474B1B20B63200EED98A /* Sources */,
				913D474C1B20B63200EED98A /* Frameworks */,
				913D474D1B20B63200EED98A /* Resources */,
			);
			buildRules = (
			);
			dependencies = (
			);
			name = MeetupList;
			productName = MeetupList;
			productReference = 913D474F1B20B63200EED98A /* MeetupList.app */;
			productType = "com.apple.product-type.application";
		};
		913D47671B20B63200EED98A /* MeetupListTests */ = {
			isa = PBXNativeTarget;
			buildConfigurationList = 913D47751B20B63200EED98A /* Build configuration list for PBXNativeTarget "MeetupListTests" */;
			buildPhases = (
				913D47641B20B63200EED98A /* Sources */,
				913D47651B20B63200EED98A /* Frameworks */,
				913D47661B20B63200EED98A /* Resources */,
			);
			buildRules = (
			);
			dependencies = (
				913D476A1B20B63200EED98A /* PBXTargetDependency */,
			);
			name = MeetupListTests;
			productName = MeetupListTests;
			productReference = 913D47681B20B63200EED98A /* MeetupListTests.xctest */;
			productType = "com.apple.product-type.bundle.unit-test";
		};
/* End PBXNativeTarget section */

/* Begin PBXProject section */
		913D47471B20B63200EED98A /* Project object */ = {
			isa = PBXProject;
			attributes = {
				LastUpgradeCheck = 0630;
				ORGANIZATIONNAME = "Jessie Serrino";
				TargetAttributes = {
					913D474E1B20B63200EED98A = {
						CreatedOnToolsVersion = 6.3.2;
					};
					913D47671B20B63200EED98A = {
						CreatedOnToolsVersion = 6.3.2;
						TestTargetID = 913D474E1B20B63200EED98A;
					};
				};
			};
			buildConfigurationList = 913D474A1B20B63200EED98A /* Build configuration list for PBXProject "MeetupList" */;
			compatibilityVersion = "Xcode 3.2";
			developmentRegion = English;
			hasScannedForEncodings = 0;
			knownRegions = (
				en,
				Base,
			);
			mainGroup = 913D47461B20B63200EED98A;
			productRefGroup = 913D47501B20B63200EED98A /* Products */;
			projectDirPath = "";
			projectRoot = "";
			targets = (
				913D474E1B20B63200EED98A /* MeetupList */,
				913D47671B20B63200EED98A /* MeetupListTests */,
			);
		};
/* End PBXProject section */

/* Begin PBXResourcesBuildPhase section */
		913D474D1B20B63200EED98A /* Resources */ = {
			isa = PBXResourcesBuildPhase;
			buildActionMask = 2147483647;
			files = (
				913D475E1B20B63200EED98A /* Main.storyboard in Resources */,
				913D47631B20B63200EED98A /* LaunchScreen.xib in Resources */,
				913D47601B20B63200EED98A /* Images.xcassets in Resources */,
			);
			runOnlyForDeploymentPostprocessing = 0;
		};
		913D47661B20B63200EED98A /* Resources */ = {
			isa = PBXResourcesBuildPhase;
			buildActionMask = 2147483647;
			files = (
			);
			runOnlyForDeploymentPostprocessing = 0;
		};
/* End PBXResourcesBuildPhase section */

/* Begin PBXSourcesBuildPhase section */
		913D474B1B20B63200EED98A /* Sources */ = {
			isa = PBXSourcesBuildPhase;
			buildActionMask = 2147483647;
			files = (
				91F50D801B2169CE00A568A5 /* Venue.m in Sources */,
				913F2FFD1B21540E00C90173 /* NSURL+Parameters.m in Sources */,
				913D47581B20B63200EED98A /* AppDelegate.m in Sources */,
				916FF00C1B236D5000B3BB6F /* MapViewController.m in Sources */,
				913F2FF91B214EB300C90173 /* MeetupInteractor.m in Sources */,
				913D47841B20B79B00EED98A /* MKMapView+Center.m in Sources */,
				913D47551B20B63200EED98A /* main.m in Sources */,
				913F2FF41B214BC500C90173 /* DataRequester.m in Sources */,
				913D477A1B20B66000EED98A /* MapViewController2.m in Sources */,
				91F50D841B218DE900A568A5 /* MeetupTableViewController.m in Sources */,
				913D47801B20B77900EED98A /* Meetup.m in Sources */,
				913D47881B20B8F200EED98A /* MeetupProvider.m in Sources */,
			);
			runOnlyForDeploymentPostprocessing = 0;
		};
		913D47641B20B63200EED98A /* Sources */ = {
			isa = PBXSourcesBuildPhase;
			buildActionMask = 2147483647;
			files = (
				913D476F1B20B63200EED98A /* MeetupListTests.m in Sources */,
			);
			runOnlyForDeploymentPostprocessing = 0;
		};
/* End PBXSourcesBuildPhase section */

/* Begin PBXTargetDependency section */
		913D476A1B20B63200EED98A /* PBXTargetDependency */ = {
			isa = PBXTargetDependency;
			target = 913D474E1B20B63200EED98A /* MeetupList */;
			targetProxy = 913D47691B20B63200EED98A /* PBXContainerItemProxy */;
		};
/* End PBXTargetDependency section */

/* Begin PBXVariantGroup section */
		913D475C1B20B63200EED98A /* Main.storyboard */ = {
			isa = PBXVariantGroup;
			children = (
				913D475D1B20B63200EED98A /* Base */,
			);
			name = Main.storyboard;
			sourceTree = "<group>";
		};
		913D47611B20B63200EED98A /* LaunchScreen.xib */ = {
			isa = PBXVariantGroup;
			children = (
				913D47621B20B63200EED98A /* Base */,
			);
			name = LaunchScreen.xib;
			sourceTree = "<group>";
		};
/* End PBXVariantGroup section */

/* Begin XCBuildConfiguration section */
		913D47701B20B63200EED98A /* Debug */ = {
			isa = XCBuildConfiguration;
			buildSettings = {
				ALWAYS_SEARCH_USER_PATHS = NO;
				CLANG_CXX_LANGUAGE_STANDARD = "gnu++0x";
				CLANG_CXX_LIBRARY = "libc++";
				CLANG_ENABLE_MODULES = YES;
				CLANG_ENABLE_OBJC_ARC = YES;
				CLANG_WARN_BOOL_CONVERSION = YES;
				CLANG_WARN_CONSTANT_CONVERSION = YES;
				CLANG_WARN_DIRECT_OBJC_ISA_USAGE = YES_ERROR;
				CLANG_WARN_EMPTY_BODY = YES;
				CLANG_WARN_ENUM_CONVERSION = YES;
				CLANG_WARN_INT_CONVERSION = YES;
				CLANG_WARN_OBJC_ROOT_CLASS = YES_ERROR;
				CLANG_WARN_UNREACHABLE_CODE = YES;
				CLANG_WARN__DUPLICATE_METHOD_MATCH = YES;
				"CODE_SIGN_IDENTITY[sdk=iphoneos*]" = "iPhone Developer";
				COPY_PHASE_STRIP = NO;
				DEBUG_INFORMATION_FORMAT = "dwarf-with-dsym";
				ENABLE_STRICT_OBJC_MSGSEND = YES;
				GCC_C_LANGUAGE_STANDARD = gnu99;
				GCC_DYNAMIC_NO_PIC = NO;
				GCC_NO_COMMON_BLOCKS = YES;
				GCC_OPTIMIZATION_LEVEL = 0;
				GCC_PREPROCESSOR_DEFINITIONS = (
					"DEBUG=1",
					"$(inherited)",
				);
				GCC_SYMBOLS_PRIVATE_EXTERN = NO;
				GCC_WARN_64_TO_32_BIT_CONVERSION = YES;
				GCC_WARN_ABOUT_RETURN_TYPE = YES_ERROR;
				GCC_WARN_UNDECLARED_SELECTOR = YES;
				GCC_WARN_UNINITIALIZED_AUTOS = YES_AGGRESSIVE;
				GCC_WARN_UNUSED_FUNCTION = YES;
				GCC_WARN_UNUSED_VARIABLE = YES;
				IPHONEOS_DEPLOYMENT_TARGET = 8.3;
				MTL_ENABLE_DEBUG_INFO = YES;
				ONLY_ACTIVE_ARCH = YES;
				SDKROOT = iphoneos;
			};
			name = Debug;
		};
		913D47711B20B63200EED98A /* Release */ = {
			isa = XCBuildConfiguration;
			buildSettings = {
				ALWAYS_SEARCH_USER_PATHS = NO;
				CLANG_CXX_LANGUAGE_STANDARD = "gnu++0x";
				CLANG_CXX_LIBRARY = "libc++";
				CLANG_ENABLE_MODULES = YES;
				CLANG_ENABLE_OBJC_ARC = YES;
				CLANG_WARN_BOOL_CONVERSION = YES;
				CLANG_WARN_CONSTANT_CONVERSION = YES;
				CLANG_WARN_DIRECT_OBJC_ISA_USAGE = YES_ERROR;
				CLANG_WARN_EMPTY_BODY = YES;
				CLANG_WARN_ENUM_CONVERSION = YES;
				CLANG_WARN_INT_CONVERSION = YES;
				CLANG_WARN_OBJC_ROOT_CLASS = YES_ERROR;
				CLANG_WARN_UNREACHABLE_CODE = YES;
				CLANG_WARN__DUPLICATE_METHOD_MATCH = YES;
				"CODE_SIGN_IDENTITY[sdk=iphoneos*]" = "iPhone Developer";
				COPY_PHASE_STRIP = NO;
				DEBUG_INFORMATION_FORMAT = "dwarf-with-dsym";
				ENABLE_NS_ASSERTIONS = NO;
				ENABLE_STRICT_OBJC_MSGSEND = YES;
				GCC_C_LANGUAGE_STANDARD = gnu99;
				GCC_NO_COMMON_BLOCKS = YES;
				GCC_WARN_64_TO_32_BIT_CONVERSION = YES;
				GCC_WARN_ABOUT_RETURN_TYPE = YES_ERROR;
				GCC_WARN_UNDECLARED_SELECTOR = YES;
				GCC_WARN_UNINITIALIZED_AUTOS = YES_AGGRESSIVE;
				GCC_WARN_UNUSED_FUNCTION = YES;
				GCC_WARN_UNUSED_VARIABLE = YES;
				IPHONEOS_DEPLOYMENT_TARGET = 8.3;
				MTL_ENABLE_DEBUG_INFO = NO;
				SDKROOT = iphoneos;
				VALIDATE_PRODUCT = YES;
			};
			name = Release;
		};
		913D47731B20B63200EED98A /* Debug */ = {
			isa = XCBuildConfiguration;
			buildSettings = {
				ASSETCATALOG_COMPILER_APPICON_NAME = AppIcon;
				INFOPLIST_FILE = MeetupList/Info.plist;
				IPHONEOS_DEPLOYMENT_TARGET = 8.0;
				LD_RUNPATH_SEARCH_PATHS = "$(inherited) @executable_path/Frameworks";
				PRODUCT_NAME = "$(TARGET_NAME)";
			};
			name = Debug;
		};
		913D47741B20B63200EED98A /* Release */ = {
			isa = XCBuildConfiguration;
			buildSettings = {
				ASSETCATALOG_COMPILER_APPICON_NAME = AppIcon;
				INFOPLIST_FILE = MeetupList/Info.plist;
				IPHONEOS_DEPLOYMENT_TARGET = 8.0;
				LD_RUNPATH_SEARCH_PATHS = "$(inherited) @executable_path/Frameworks";
				PRODUCT_NAME = "$(TARGET_NAME)";
			};
			name = Release;
		};
		913D47761B20B63200EED98A /* Debug */ = {
			isa = XCBuildConfiguration;
			buildSettings = {
				BUNDLE_LOADER = "$(TEST_HOST)";
				FRAMEWORK_SEARCH_PATHS = (
					"$(SDKROOT)/Developer/Library/Frameworks",
					"$(inherited)",
				);
				GCC_PREPROCESSOR_DEFINITIONS = (
					"DEBUG=1",
					"$(inherited)",
				);
				INFOPLIST_FILE = MeetupListTests/Info.plist;
				LD_RUNPATH_SEARCH_PATHS = "$(inherited) @executable_path/Frameworks @loader_path/Frameworks";
				PRODUCT_NAME = "$(TARGET_NAME)";
				TEST_HOST = "$(BUILT_PRODUCTS_DIR)/MeetupList.app/MeetupList";
			};
			name = Debug;
		};
		913D47771B20B63200EED98A /* Release */ = {
			isa = XCBuildConfiguration;
			buildSettings = {
				BUNDLE_LOADER = "$(TEST_HOST)";
				FRAMEWORK_SEARCH_PATHS = (
					"$(SDKROOT)/Developer/Library/Frameworks",
					"$(inherited)",
				);
				INFOPLIST_FILE = MeetupListTests/Info.plist;
				LD_RUNPATH_SEARCH_PATHS = "$(inherited) @executable_path/Frameworks @loader_path/Frameworks";
				PRODUCT_NAME = "$(TARGET_NAME)";
				TEST_HOST = "$(BUILT_PRODUCTS_DIR)/MeetupList.app/MeetupList";
			};
			name = Release;
		};
/* End XCBuildConfiguration section */

/* Begin XCConfigurationList section */
		913D474A1B20B63200EED98A /* Build configuration list for PBXProject "MeetupList" */ = {
			isa = XCConfigurationList;
			buildConfigurations = (
				913D47701B20B63200EED98A /* Debug */,
				913D47711B20B63200EED98A /* Release */,
			);
			defaultConfigurationIsVisible = 0;
			defaultConfigurationName = Release;
		};
		913D47721B20B63200EED98A /* Build configuration list for PBXNativeTarget "MeetupList" */ = {
			isa = XCConfigurationList;
			buildConfigurations = (
				913D47731B20B63200EED98A /* Debug */,
				913D47741B20B63200EED98A /* Release */,
			);
			defaultConfigurationIsVisible = 0;
			defaultConfigurationName = Release;
		};
		913D47751B20B63200EED98A /* Build configuration list for PBXNativeTarget "MeetupListTests" */ = {
			isa = XCConfigurationList;
			buildConfigurations = (
				913D47761B20B63200EED98A /* Debug */,
				913D47771B20B63200EED98A /* Release */,
			);
			defaultConfigurationIsVisible = 0;
			defaultConfigurationName = Release;
		};
/* End XCConfigurationList section */
	};
	rootObject = 913D47471B20B63200EED98A /* Project object */;
}
